// !$*UTF8*$!
{
	archiveVersion = 1;
	classes = {
	};
	objectVersion = 48;
	objects = {

/* Begin PBXBuildFile section */
		1D120E9E2084D9A700753788 /* DetailController.swift in Sources */ = {isa = PBXBuildFile; fileRef = 1D120E9D2084D9A700753788 /* DetailController.swift */; };
		1D4F6F48208DCC0A006FDB39 /* BrowserControllerProtocol.swift in Sources */ = {isa = PBXBuildFile; fileRef = 1D4F6F47208DCC0A006FDB39 /* BrowserControllerProtocol.swift */; };
		1D4FDA222091A7D50055E98A /* FakeDataCell.swift in Sources */ = {isa = PBXBuildFile; fileRef = 1D4FDA212091A7D50055E98A /* FakeDataCell.swift */; };
		1D4FDA242091A8E00055E98A /* FakeDataCellProtocol.swift in Sources */ = {isa = PBXBuildFile; fileRef = 1D4FDA232091A8E00055E98A /* FakeDataCellProtocol.swift */; };
		1D4FDA262091A9C50055E98A /* VisualizationController.swift in Sources */ = {isa = PBXBuildFile; fileRef = 1D4FDA252091A9C50055E98A /* VisualizationController.swift */; };
		1D4FDA282091AAD00055E98A /* FakeDataController.swift in Sources */ = {isa = PBXBuildFile; fileRef = 1D4FDA272091AAD00055E98A /* FakeDataController.swift */; };
		1D548C52207F64D80027E867 /* AppDelegate.swift in Sources */ = {isa = PBXBuildFile; fileRef = 1D548C51207F64D80027E867 /* AppDelegate.swift */; };
		1D548C54207F64D80027E867 /* MainViewController.swift in Sources */ = {isa = PBXBuildFile; fileRef = 1D548C53207F64D80027E867 /* MainViewController.swift */; };
		1D548C57207F64D80027E867 /* Main.storyboard in Resources */ = {isa = PBXBuildFile; fileRef = 1D548C55207F64D80027E867 /* Main.storyboard */; };
		1D548C59207F64D80027E867 /* Assets.xcassets in Resources */ = {isa = PBXBuildFile; fileRef = 1D548C58207F64D80027E867 /* Assets.xcassets */; };
		1D548C5C207F64D80027E867 /* LaunchScreen.storyboard in Resources */ = {isa = PBXBuildFile; fileRef = 1D548C5A207F64D80027E867 /* LaunchScreen.storyboard */; };
		1D548C67207F64D80027E867 /* TableViewTests.swift in Sources */ = {isa = PBXBuildFile; fileRef = 1D548C66207F64D80027E867 /* TableViewTests.swift */; };
		1D548C72207F64D80027E867 /* TableViewUITests.swift in Sources */ = {isa = PBXBuildFile; fileRef = 1D548C71207F64D80027E867 /* TableViewUITests.swift */; };
		1D548C82207F6B320027E867 /* ArrayEntityModel.swift in Sources */ = {isa = PBXBuildFile; fileRef = 1D548C81207F6B320027E867 /* ArrayEntityModel.swift */; };
		1D548C84207F75330027E867 /* DataStructureTableCell.swift in Sources */ = {isa = PBXBuildFile; fileRef = 1D548C83207F75330027E867 /* DataStructureTableCell.swift */; };
		1D548C8A2080A7460027E867 /* ArrayEntityProtocol.swift in Sources */ = {isa = PBXBuildFile; fileRef = 1D548C892080A7460027E867 /* ArrayEntityProtocol.swift */; };
		1D54E9B62085C98E005B0C0B /* DataStructureTableCellProtocol.swift in Sources */ = {isa = PBXBuildFile; fileRef = 1D54E9B52085C98E005B0C0B /* DataStructureTableCellProtocol.swift */; };
		1D5B5BB42089E01700D84549 /* EntityDataModel.swift in Sources */ = {isa = PBXBuildFile; fileRef = 1D5B5BB32089E01700D84549 /* EntityDataModel.swift */; };
		1D5B5BB62089E61300D84549 /* WebViewController.swift in Sources */ = {isa = PBXBuildFile; fileRef = 1D5B5BB52089E61300D84549 /* WebViewController.swift */; };
		1D5B5BB82089E65100D84549 /* WebKitController.swift in Sources */ = {isa = PBXBuildFile; fileRef = 1D5B5BB72089E65100D84549 /* WebKitController.swift */; };
		1D5B5BBA2089E66400D84549 /* SFSafariController.swift in Sources */ = {isa = PBXBuildFile; fileRef = 1D5B5BB92089E66400D84549 /* SFSafariController.swift */; };
		1D692B952093221100B07782 /* AdapterProtocol.swift in Sources */ = {isa = PBXBuildFile; fileRef = 1D692B942093221100B07782 /* AdapterProtocol.swift */; };
		1D692B972093228500B07782 /* Adapter.swift in Sources */ = {isa = PBXBuildFile; fileRef = 1D692B962093228500B07782 /* Adapter.swift */; };
		1D692B992093402700B07782 /* QueueManager.swift in Sources */ = {isa = PBXBuildFile; fileRef = 1D692B982093402700B07782 /* QueueManager.swift */; };
		1D692B9B2093407F00B07782 /* ActionButton.swift in Sources */ = {isa = PBXBuildFile; fileRef = 1D692B9A2093407F00B07782 /* ActionButton.swift */; };
		1D692B9D20934C8B00B07782 /* SetManager.swift in Sources */ = {isa = PBXBuildFile; fileRef = 1D692B9C20934C8B00B07782 /* SetManager.swift */; };
		1D692B9F2093536E00B07782 /* TextField.swift in Sources */ = {isa = PBXBuildFile; fileRef = 1D692B9E2093536E00B07782 /* TextField.swift */; };
		1D95A7EC2091C5E8008C595B /* FakeDataProtocol.swift in Sources */ = {isa = PBXBuildFile; fileRef = 1D95A7EB2091C5E8008C595B /* FakeDataProtocol.swift */; };
		1D95A7EE2091D03E008C595B /* StackManager.swift in Sources */ = {isa = PBXBuildFile; fileRef = 1D95A7ED2091D03E008C595B /* StackManager.swift */; };
		1D95A7F02091D05A008C595B /* ControlManagerProtocol.swift in Sources */ = {isa = PBXBuildFile; fileRef = 1D95A7EF2091D05A008C595B /* ControlManagerProtocol.swift */; };
		1D95A7F22091D4BE008C595B /* ControlManagerFactroryProtocol.swift in Sources */ = {isa = PBXBuildFile; fileRef = 1D95A7F12091D4BE008C595B /* ControlManagerFactroryProtocol.swift */; };
		1D95A7F42091D515008C595B /* ControlManagerFactory.swift in Sources */ = {isa = PBXBuildFile; fileRef = 1D95A7F32091D515008C595B /* ControlManagerFactory.swift */; };
		1DDF78032084F08E003BA7F5 /* EntityDataProtocol.swift in Sources */ = {isa = PBXBuildFile; fileRef = 1DDF78022084F08E003BA7F5 /* EntityDataProtocol.swift */; };
/* End PBXBuildFile section */

/* Begin PBXContainerItemProxy section */
		1D548C63207F64D80027E867 /* PBXContainerItemProxy */ = {
			isa = PBXContainerItemProxy;
			containerPortal = 1D548C46207F64D80027E867 /* Project object */;
			proxyType = 1;
			remoteGlobalIDString = 1D548C4D207F64D80027E867;
			remoteInfo = TableView;
		};
		1D548C6E207F64D80027E867 /* PBXContainerItemProxy */ = {
			isa = PBXContainerItemProxy;
			containerPortal = 1D548C46207F64D80027E867 /* Project object */;
			proxyType = 1;
			remoteGlobalIDString = 1D548C4D207F64D80027E867;
			remoteInfo = TableView;
		};
/* End PBXContainerItemProxy section */

/* Begin PBXFileReference section */
		1D120E9D2084D9A700753788 /* DetailController.swift */ = {isa = PBXFileReference; lastKnownFileType = sourcecode.swift; path = DetailController.swift; sourceTree = "<group>"; };
		1D4F6F47208DCC0A006FDB39 /* BrowserControllerProtocol.swift */ = {isa = PBXFileReference; lastKnownFileType = sourcecode.swift; path = BrowserControllerProtocol.swift; sourceTree = "<group>"; };
		1D4FDA212091A7D50055E98A /* FakeDataCell.swift */ = {isa = PBXFileReference; lastKnownFileType = sourcecode.swift; path = FakeDataCell.swift; sourceTree = "<group>"; };
		1D4FDA232091A8E00055E98A /* FakeDataCellProtocol.swift */ = {isa = PBXFileReference; lastKnownFileType = sourcecode.swift; path = FakeDataCellProtocol.swift; sourceTree = "<group>"; };
		1D4FDA252091A9C50055E98A /* VisualizationController.swift */ = {isa = PBXFileReference; lastKnownFileType = sourcecode.swift; path = VisualizationController.swift; sourceTree = "<group>"; };
		1D4FDA272091AAD00055E98A /* FakeDataController.swift */ = {isa = PBXFileReference; lastKnownFileType = sourcecode.swift; path = FakeDataController.swift; sourceTree = "<group>"; };
		1D548C4E207F64D80027E867 /* TableView.app */ = {isa = PBXFileReference; explicitFileType = wrapper.application; includeInIndex = 0; path = TableView.app; sourceTree = BUILT_PRODUCTS_DIR; };
		1D548C51207F64D80027E867 /* AppDelegate.swift */ = {isa = PBXFileReference; lastKnownFileType = sourcecode.swift; path = AppDelegate.swift; sourceTree = "<group>"; };
		1D548C53207F64D80027E867 /* MainViewController.swift */ = {isa = PBXFileReference; lastKnownFileType = sourcecode.swift; path = MainViewController.swift; sourceTree = "<group>"; };
		1D548C56207F64D80027E867 /* Base */ = {isa = PBXFileReference; lastKnownFileType = file.storyboard; name = Base; path = Base.lproj/Main.storyboard; sourceTree = "<group>"; };
		1D548C58207F64D80027E867 /* Assets.xcassets */ = {isa = PBXFileReference; lastKnownFileType = folder.assetcatalog; path = Assets.xcassets; sourceTree = "<group>"; };
		1D548C5B207F64D80027E867 /* Base */ = {isa = PBXFileReference; lastKnownFileType = file.storyboard; name = Base; path = Base.lproj/LaunchScreen.storyboard; sourceTree = "<group>"; };
		1D548C5D207F64D80027E867 /* Info.plist */ = {isa = PBXFileReference; lastKnownFileType = text.plist.xml; path = Info.plist; sourceTree = "<group>"; };
		1D548C62207F64D80027E867 /* TableViewTests.xctest */ = {isa = PBXFileReference; explicitFileType = wrapper.cfbundle; includeInIndex = 0; path = TableViewTests.xctest; sourceTree = BUILT_PRODUCTS_DIR; };
		1D548C66207F64D80027E867 /* TableViewTests.swift */ = {isa = PBXFileReference; lastKnownFileType = sourcecode.swift; path = TableViewTests.swift; sourceTree = "<group>"; };
		1D548C68207F64D80027E867 /* Info.plist */ = {isa = PBXFileReference; lastKnownFileType = text.plist.xml; path = Info.plist; sourceTree = "<group>"; };
		1D548C6D207F64D80027E867 /* TableViewUITests.xctest */ = {isa = PBXFileReference; explicitFileType = wrapper.cfbundle; includeInIndex = 0; path = TableViewUITests.xctest; sourceTree = BUILT_PRODUCTS_DIR; };
		1D548C71207F64D80027E867 /* TableViewUITests.swift */ = {isa = PBXFileReference; lastKnownFileType = sourcecode.swift; path = TableViewUITests.swift; sourceTree = "<group>"; };
		1D548C73207F64D80027E867 /* Info.plist */ = {isa = PBXFileReference; lastKnownFileType = text.plist.xml; path = Info.plist; sourceTree = "<group>"; };
		1D548C81207F6B320027E867 /* ArrayEntityModel.swift */ = {isa = PBXFileReference; lastKnownFileType = sourcecode.swift; path = ArrayEntityModel.swift; sourceTree = "<group>"; };
		1D548C83207F75330027E867 /* DataStructureTableCell.swift */ = {isa = PBXFileReference; lastKnownFileType = sourcecode.swift; path = DataStructureTableCell.swift; sourceTree = "<group>"; };
		1D548C892080A7460027E867 /* ArrayEntityProtocol.swift */ = {isa = PBXFileReference; lastKnownFileType = sourcecode.swift; path = ArrayEntityProtocol.swift; sourceTree = "<group>"; };
		1D54E9B52085C98E005B0C0B /* DataStructureTableCellProtocol.swift */ = {isa = PBXFileReference; lastKnownFileType = sourcecode.swift; path = DataStructureTableCellProtocol.swift; sourceTree = "<group>"; };
		1D5B5BB32089E01700D84549 /* EntityDataModel.swift */ = {isa = PBXFileReference; lastKnownFileType = sourcecode.swift; path = EntityDataModel.swift; sourceTree = "<group>"; };
		1D5B5BB52089E61300D84549 /* WebViewController.swift */ = {isa = PBXFileReference; lastKnownFileType = sourcecode.swift; path = WebViewController.swift; sourceTree = "<group>"; };
		1D5B5BB72089E65100D84549 /* WebKitController.swift */ = {isa = PBXFileReference; lastKnownFileType = sourcecode.swift; path = WebKitController.swift; sourceTree = "<group>"; };
		1D5B5BB92089E66400D84549 /* SFSafariController.swift */ = {isa = PBXFileReference; lastKnownFileType = sourcecode.swift; path = SFSafariController.swift; sourceTree = "<group>"; };
		1D692B942093221100B07782 /* AdapterProtocol.swift */ = {isa = PBXFileReference; lastKnownFileType = sourcecode.swift; path = AdapterProtocol.swift; sourceTree = "<group>"; };
		1D692B962093228500B07782 /* Adapter.swift */ = {isa = PBXFileReference; lastKnownFileType = sourcecode.swift; path = Adapter.swift; sourceTree = "<group>"; };
		1D692B982093402700B07782 /* QueueManager.swift */ = {isa = PBXFileReference; lastKnownFileType = sourcecode.swift; path = QueueManager.swift; sourceTree = "<group>"; };
		1D692B9A2093407F00B07782 /* ActionButton.swift */ = {isa = PBXFileReference; lastKnownFileType = sourcecode.swift; path = ActionButton.swift; sourceTree = "<group>"; };
		1D692B9C20934C8B00B07782 /* SetManager.swift */ = {isa = PBXFileReference; lastKnownFileType = sourcecode.swift; path = SetManager.swift; sourceTree = "<group>"; };
		1D692B9E2093536E00B07782 /* TextField.swift */ = {isa = PBXFileReference; lastKnownFileType = sourcecode.swift; path = TextField.swift; sourceTree = "<group>"; };
		1D95A7EB2091C5E8008C595B /* FakeDataProtocol.swift */ = {isa = PBXFileReference; lastKnownFileType = sourcecode.swift; path = FakeDataProtocol.swift; sourceTree = "<group>"; };
		1D95A7ED2091D03E008C595B /* StackManager.swift */ = {isa = PBXFileReference; lastKnownFileType = sourcecode.swift; path = StackManager.swift; sourceTree = "<group>"; };
		1D95A7EF2091D05A008C595B /* ControlManagerProtocol.swift */ = {isa = PBXFileReference; lastKnownFileType = sourcecode.swift; path = ControlManagerProtocol.swift; sourceTree = "<group>"; };
		1D95A7F12091D4BE008C595B /* ControlManagerFactroryProtocol.swift */ = {isa = PBXFileReference; lastKnownFileType = sourcecode.swift; path = ControlManagerFactroryProtocol.swift; sourceTree = "<group>"; };
		1D95A7F32091D515008C595B /* ControlManagerFactory.swift */ = {isa = PBXFileReference; lastKnownFileType = sourcecode.swift; path = ControlManagerFactory.swift; sourceTree = "<group>"; };
		1DDF78022084F08E003BA7F5 /* EntityDataProtocol.swift */ = {isa = PBXFileReference; lastKnownFileType = sourcecode.swift; path = EntityDataProtocol.swift; sourceTree = "<group>"; };
/* End PBXFileReference section */

/* Begin PBXFrameworksBuildPhase section */
		1D548C4B207F64D80027E867 /* Frameworks */ = {
			isa = PBXFrameworksBuildPhase;
			buildActionMask = 2147483647;
			files = (
			);
			runOnlyForDeploymentPostprocessing = 0;
		};
		1D548C5F207F64D80027E867 /* Frameworks */ = {
			isa = PBXFrameworksBuildPhase;
			buildActionMask = 2147483647;
			files = (
			);
			runOnlyForDeploymentPostprocessing = 0;
		};
		1D548C6A207F64D80027E867 /* Frameworks */ = {
			isa = PBXFrameworksBuildPhase;
			buildActionMask = 2147483647;
			files = (
			);
			runOnlyForDeploymentPostprocessing = 0;
		};
/* End PBXFrameworksBuildPhase section */

/* Begin PBXGroup section */
		1D548C45207F64D80027E867 = {
			isa = PBXGroup;
			children = (
				1D548C50207F64D80027E867 /* TableView */,
				1D548C65207F64D80027E867 /* TableViewTests */,
				1D548C70207F64D80027E867 /* TableViewUITests */,
				1D548C4F207F64D80027E867 /* Products */,
			);
			sourceTree = "<group>";
		};
		1D548C4F207F64D80027E867 /* Products */ = {
			isa = PBXGroup;
			children = (
				1D548C4E207F64D80027E867 /* TableView.app */,
				1D548C62207F64D80027E867 /* TableViewTests.xctest */,
				1D548C6D207F64D80027E867 /* TableViewUITests.xctest */,
			);
			name = Products;
			sourceTree = "<group>";
		};
		1D548C50207F64D80027E867 /* TableView */ = {
			isa = PBXGroup;
			children = (
				1D66CE8020889240009F4C4D /* Controllers */,
				1D548C51207F64D80027E867 /* AppDelegate.swift */,
				1D548C83207F75330027E867 /* DataStructureTableCell.swift */,
				1D4FDA212091A7D50055E98A /* FakeDataCell.swift */,
				1D692B9A2093407F00B07782 /* ActionButton.swift */,
				1D692B9E2093536E00B07782 /* TextField.swift */,
				1D548C58207F64D80027E867 /* Assets.xcassets */,
				1D548C55207F64D80027E867 /* Main.storyboard */,
				1D548C5A207F64D80027E867 /* LaunchScreen.storyboard */,
				1D548C5D207F64D80027E867 /* Info.plist */,
				1D548C882080A7110027E867 /* Models */,
				1D548C8B2080A7510027E867 /* Protocols */,
			);
			path = TableView;
			sourceTree = "<group>";
		};
		1D548C65207F64D80027E867 /* TableViewTests */ = {
			isa = PBXGroup;
			children = (
				1D548C66207F64D80027E867 /* TableViewTests.swift */,
				1D548C68207F64D80027E867 /* Info.plist */,
			);
			path = TableViewTests;
			sourceTree = "<group>";
		};
		1D548C70207F64D80027E867 /* TableViewUITests */ = {
			isa = PBXGroup;
			children = (
				1D548C71207F64D80027E867 /* TableViewUITests.swift */,
				1D548C73207F64D80027E867 /* Info.plist */,
			);
			path = TableViewUITests;
			sourceTree = "<group>";
		};
		1D548C882080A7110027E867 /* Models */ = {
			isa = PBXGroup;
			children = (
				1D548C81207F6B320027E867 /* ArrayEntityModel.swift */,
				1D5B5BB32089E01700D84549 /* EntityDataModel.swift */,
			);
			path = Models;
			sourceTree = "<group>";
		};
		1D548C8B2080A7510027E867 /* Protocols */ = {
			isa = PBXGroup;
			children = (
				1D548C892080A7460027E867 /* ArrayEntityProtocol.swift */,
				1DDF78022084F08E003BA7F5 /* EntityDataProtocol.swift */,
				1D54E9B52085C98E005B0C0B /* DataStructureTableCellProtocol.swift */,
				1D4F6F47208DCC0A006FDB39 /* BrowserControllerProtocol.swift */,
				1D4FDA232091A8E00055E98A /* FakeDataCellProtocol.swift */,
				1D95A7EB2091C5E8008C595B /* FakeDataProtocol.swift */,
				1D95A7EF2091D05A008C595B /* ControlManagerProtocol.swift */,
				1D95A7F12091D4BE008C595B /* ControlManagerFactroryProtocol.swift */,
				1D692B942093221100B07782 /* AdapterProtocol.swift */,
			);
			path = Protocols;
			sourceTree = "<group>";
		};
		1D66CE8020889240009F4C4D /* Controllers */ = {
			isa = PBXGroup;
			children = (
				1D95A7F52091D549008C595B /* ControlManagers */,
				1D548C53207F64D80027E867 /* MainViewController.swift */,
				1D120E9D2084D9A700753788 /* DetailController.swift */,
				1D5B5BB52089E61300D84549 /* WebViewController.swift */,
				1D5B5BB72089E65100D84549 /* WebKitController.swift */,
				1D5B5BB92089E66400D84549 /* SFSafariController.swift */,
				1D4FDA252091A9C50055E98A /* VisualizationController.swift */,
				1D4FDA272091AAD00055E98A /* FakeDataController.swift */,
				1D95A7F32091D515008C595B /* ControlManagerFactory.swift */,
				1D692B962093228500B07782 /* Adapter.swift */,
			);
			path = Controllers;
			sourceTree = "<group>";
		};
		1D95A7F52091D549008C595B /* ControlManagers */ = {
			isa = PBXGroup;
			children = (
				1D95A7ED2091D03E008C595B /* StackManager.swift */,
				1D692B982093402700B07782 /* QueueManager.swift */,
				1D692B9C20934C8B00B07782 /* SetManager.swift */,
			);
			path = ControlManagers;
			sourceTree = "<group>";
		};
/* End PBXGroup section */

/* Begin PBXNativeTarget section */
		1D548C4D207F64D80027E867 /* TableView */ = {
			isa = PBXNativeTarget;
			buildConfigurationList = 1D548C76207F64D80027E867 /* Build configuration list for PBXNativeTarget "TableView" */;
			buildPhases = (
				1D548C4A207F64D80027E867 /* Sources */,
				1D548C4B207F64D80027E867 /* Frameworks */,
				1D548C4C207F64D80027E867 /* Resources */,
			);
			buildRules = (
			);
			dependencies = (
			);
			name = TableView;
			productName = TableView;
			productReference = 1D548C4E207F64D80027E867 /* TableView.app */;
			productType = "com.apple.product-type.application";
		};
		1D548C61207F64D80027E867 /* TableViewTests */ = {
			isa = PBXNativeTarget;
			buildConfigurationList = 1D548C79207F64D80027E867 /* Build configuration list for PBXNativeTarget "TableViewTests" */;
			buildPhases = (
				1D548C5E207F64D80027E867 /* Sources */,
				1D548C5F207F64D80027E867 /* Frameworks */,
				1D548C60207F64D80027E867 /* Resources */,
			);
			buildRules = (
			);
			dependencies = (
				1D548C64207F64D80027E867 /* PBXTargetDependency */,
			);
			name = TableViewTests;
			productName = TableViewTests;
			productReference = 1D548C62207F64D80027E867 /* TableViewTests.xctest */;
			productType = "com.apple.product-type.bundle.unit-test";
		};
		1D548C6C207F64D80027E867 /* TableViewUITests */ = {
			isa = PBXNativeTarget;
			buildConfigurationList = 1D548C7C207F64D80027E867 /* Build configuration list for PBXNativeTarget "TableViewUITests" */;
			buildPhases = (
				1D548C69207F64D80027E867 /* Sources */,
				1D548C6A207F64D80027E867 /* Frameworks */,
				1D548C6B207F64D80027E867 /* Resources */,
			);
			buildRules = (
			);
			dependencies = (
				1D548C6F207F64D80027E867 /* PBXTargetDependency */,
			);
			name = TableViewUITests;
			productName = TableViewUITests;
			productReference = 1D548C6D207F64D80027E867 /* TableViewUITests.xctest */;
			productType = "com.apple.product-type.bundle.ui-testing";
		};
/* End PBXNativeTarget section */

/* Begin PBXProject section */
		1D548C46207F64D80027E867 /* Project object */ = {
			isa = PBXProject;
			attributes = {
				LastSwiftUpdateCheck = 0920;
				LastUpgradeCheck = 0920;
				ORGANIZATIONNAME = "Oleg Yankiwskyi";
				TargetAttributes = {
					1D548C4D207F64D80027E867 = {
						CreatedOnToolsVersion = 9.2;
						ProvisioningStyle = Automatic;
					};
					1D548C61207F64D80027E867 = {
						CreatedOnToolsVersion = 9.2;
						ProvisioningStyle = Automatic;
						TestTargetID = 1D548C4D207F64D80027E867;
					};
					1D548C6C207F64D80027E867 = {
						CreatedOnToolsVersion = 9.2;
						ProvisioningStyle = Automatic;
						TestTargetID = 1D548C4D207F64D80027E867;
					};
				};
			};
			buildConfigurationList = 1D548C49207F64D80027E867 /* Build configuration list for PBXProject "TableView" */;
			compatibilityVersion = "Xcode 8.0";
			developmentRegion = en;
			hasScannedForEncodings = 0;
			knownRegions = (
				en,
				Base,
			);
			mainGroup = 1D548C45207F64D80027E867;
			productRefGroup = 1D548C4F207F64D80027E867 /* Products */;
			projectDirPath = "";
			projectRoot = "";
			targets = (
				1D548C4D207F64D80027E867 /* TableView */,
				1D548C61207F64D80027E867 /* TableViewTests */,
				1D548C6C207F64D80027E867 /* TableViewUITests */,
			);
		};
/* End PBXProject section */

/* Begin PBXResourcesBuildPhase section */
		1D548C4C207F64D80027E867 /* Resources */ = {
			isa = PBXResourcesBuildPhase;
			buildActionMask = 2147483647;
			files = (
				1D548C5C207F64D80027E867 /* LaunchScreen.storyboard in Resources */,
				1D548C59207F64D80027E867 /* Assets.xcassets in Resources */,
				1D548C57207F64D80027E867 /* Main.storyboard in Resources */,
			);
			runOnlyForDeploymentPostprocessing = 0;
		};
		1D548C60207F64D80027E867 /* Resources */ = {
			isa = PBXResourcesBuildPhase;
			buildActionMask = 2147483647;
			files = (
			);
			runOnlyForDeploymentPostprocessing = 0;
		};
		1D548C6B207F64D80027E867 /* Resources */ = {
			isa = PBXResourcesBuildPhase;
			buildActionMask = 2147483647;
			files = (
			);
			runOnlyForDeploymentPostprocessing = 0;
		};
/* End PBXResourcesBuildPhase section */

/* Begin PBXSourcesBuildPhase section */
		1D548C4A207F64D80027E867 /* Sources */ = {
			isa = PBXSourcesBuildPhase;
			buildActionMask = 2147483647;
			files = (
				1D95A7F42091D515008C595B /* ControlManagerFactory.swift in Sources */,
				1D692B972093228500B07782 /* Adapter.swift in Sources */,
				1D120E9E2084D9A700753788 /* DetailController.swift in Sources */,
				1D692B9F2093536E00B07782 /* TextField.swift in Sources */,
				1D692B9D20934C8B00B07782 /* SetManager.swift in Sources */,
				1D548C8A2080A7460027E867 /* ArrayEntityProtocol.swift in Sources */,
				1D4FDA282091AAD00055E98A /* FakeDataController.swift in Sources */,
				1D692B992093402700B07782 /* QueueManager.swift in Sources */,
				1D4FDA242091A8E00055E98A /* FakeDataCellProtocol.swift in Sources */,
				1D4FDA222091A7D50055E98A /* FakeDataCell.swift in Sources */,
				1D4F6F48208DCC0A006FDB39 /* BrowserControllerProtocol.swift in Sources */,
				1DDF78032084F08E003BA7F5 /* EntityDataProtocol.swift in Sources */,
				1D5B5BB62089E61300D84549 /* WebViewController.swift in Sources */,
				1D692B952093221100B07782 /* AdapterProtocol.swift in Sources */,
				1D95A7EC2091C5E8008C595B /* FakeDataProtocol.swift in Sources */,
				1D548C82207F6B320027E867 /* ArrayEntityModel.swift in Sources */,
				1D548C84207F75330027E867 /* DataStructureTableCell.swift in Sources */,
				1D692B9B2093407F00B07782 /* ActionButton.swift in Sources */,
				1D5B5BB82089E65100D84549 /* WebKitController.swift in Sources */,
				1D548C54207F64D80027E867 /* MainViewController.swift in Sources */,
				1D5B5BB42089E01700D84549 /* EntityDataModel.swift in Sources */,
				1D54E9B62085C98E005B0C0B /* DataStructureTableCellProtocol.swift in Sources */,
				1D548C52207F64D80027E867 /* AppDelegate.swift in Sources */,
				1D4FDA262091A9C50055E98A /* VisualizationController.swift in Sources */,
				1D95A7F02091D05A008C595B /* ControlManagerProtocol.swift in Sources */,
				1D95A7EE2091D03E008C595B /* StackManager.swift in Sources */,
				1D5B5BBA2089E66400D84549 /* SFSafariController.swift in Sources */,
				1D95A7F22091D4BE008C595B /* ControlManagerFactroryProtocol.swift in Sources */,
			);
			runOnlyForDeploymentPostprocessing = 0;
		};
		1D548C5E207F64D80027E867 /* Sources */ = {
			isa = PBXSourcesBuildPhase;
			buildActionMask = 2147483647;
			files = (
				1D548C67207F64D80027E867 /* TableViewTests.swift in Sources */,
			);
			runOnlyForDeploymentPostprocessing = 0;
		};
		1D548C69207F64D80027E867 /* Sources */ = {
			isa = PBXSourcesBuildPhase;
			buildActionMask = 2147483647;
			files = (
				1D548C72207F64D80027E867 /* TableViewUITests.swift in Sources */,
			);
			runOnlyForDeploymentPostprocessing = 0;
		};
/* End PBXSourcesBuildPhase section */

/* Begin PBXTargetDependency section */
		1D548C64207F64D80027E867 /* PBXTargetDependency */ = {
			isa = PBXTargetDependency;
			target = 1D548C4D207F64D80027E867 /* TableView */;
			targetProxy = 1D548C63207F64D80027E867 /* PBXContainerItemProxy */;
		};
		1D548C6F207F64D80027E867 /* PBXTargetDependency */ = {
			isa = PBXTargetDependency;
			target = 1D548C4D207F64D80027E867 /* TableView */;
			targetProxy = 1D548C6E207F64D80027E867 /* PBXContainerItemProxy */;
		};
/* End PBXTargetDependency section */

/* Begin PBXVariantGroup section */
		1D548C55207F64D80027E867 /* Main.storyboard */ = {
			isa = PBXVariantGroup;
			children = (
				1D548C56207F64D80027E867 /* Base */,
			);
			name = Main.storyboard;
			sourceTree = "<group>";
		};
		1D548C5A207F64D80027E867 /* LaunchScreen.storyboard */ = {
			isa = PBXVariantGroup;
			children = (
				1D548C5B207F64D80027E867 /* Base */,
			);
			name = LaunchScreen.storyboard;
			sourceTree = "<group>";
		};
/* End PBXVariantGroup section */

/* Begin XCBuildConfiguration section */
		1D548C74207F64D80027E867 /* Debug */ = {
			isa = XCBuildConfiguration;
			buildSettings = {
				ALWAYS_SEARCH_USER_PATHS = NO;
				CLANG_ANALYZER_NONNULL = YES;
				CLANG_ANALYZER_NUMBER_OBJECT_CONVERSION = YES_AGGRESSIVE;
				CLANG_CXX_LANGUAGE_STANDARD = "gnu++14";
				CLANG_CXX_LIBRARY = "libc++";
				CLANG_ENABLE_MODULES = YES;
				CLANG_ENABLE_OBJC_ARC = YES;
				CLANG_WARN_BLOCK_CAPTURE_AUTORELEASING = YES;
				CLANG_WARN_BOOL_CONVERSION = YES;
				CLANG_WARN_COMMA = YES;
				CLANG_WARN_CONSTANT_CONVERSION = YES;
				CLANG_WARN_DIRECT_OBJC_ISA_USAGE = YES_ERROR;
				CLANG_WARN_DOCUMENTATION_COMMENTS = YES;
				CLANG_WARN_EMPTY_BODY = YES;
				CLANG_WARN_ENUM_CONVERSION = YES;
				CLANG_WARN_INFINITE_RECURSION = YES;
				CLANG_WARN_INT_CONVERSION = YES;
				CLANG_WARN_NON_LITERAL_NULL_CONVERSION = YES;
				CLANG_WARN_OBJC_LITERAL_CONVERSION = YES;
				CLANG_WARN_OBJC_ROOT_CLASS = YES_ERROR;
				CLANG_WARN_RANGE_LOOP_ANALYSIS = YES;
				CLANG_WARN_STRICT_PROTOTYPES = YES;
				CLANG_WARN_SUSPICIOUS_MOVE = YES;
				CLANG_WARN_UNGUARDED_AVAILABILITY = YES_AGGRESSIVE;
				CLANG_WARN_UNREACHABLE_CODE = YES;
				CLANG_WARN__DUPLICATE_METHOD_MATCH = YES;
				CODE_SIGN_IDENTITY = "iPhone Developer";
				COPY_PHASE_STRIP = NO;
				DEBUG_INFORMATION_FORMAT = dwarf;
				ENABLE_STRICT_OBJC_MSGSEND = YES;
				ENABLE_TESTABILITY = YES;
				GCC_C_LANGUAGE_STANDARD = gnu11;
				GCC_DYNAMIC_NO_PIC = NO;
				GCC_NO_COMMON_BLOCKS = YES;
				GCC_OPTIMIZATION_LEVEL = 0;
				GCC_PREPROCESSOR_DEFINITIONS = (
					"DEBUG=1",
					"$(inherited)",
				);
				GCC_WARN_64_TO_32_BIT_CONVERSION = YES;
				GCC_WARN_ABOUT_RETURN_TYPE = YES_ERROR;
				GCC_WARN_UNDECLARED_SELECTOR = YES;
				GCC_WARN_UNINITIALIZED_AUTOS = YES_AGGRESSIVE;
				GCC_WARN_UNUSED_FUNCTION = YES;
				GCC_WARN_UNUSED_VARIABLE = YES;
				IPHONEOS_DEPLOYMENT_TARGET = 10.0;
				MTL_ENABLE_DEBUG_INFO = YES;
				ONLY_ACTIVE_ARCH = YES;
				SDKROOT = iphoneos;
				SWIFT_ACTIVE_COMPILATION_CONDITIONS = DEBUG;
				SWIFT_OPTIMIZATION_LEVEL = "-Onone";
			};
			name = Debug;
		};
		1D548C75207F64D80027E867 /* Release */ = {
			isa = XCBuildConfiguration;
			buildSettings = {
				ALWAYS_SEARCH_USER_PATHS = NO;
				CLANG_ANALYZER_NONNULL = YES;
				CLANG_ANALYZER_NUMBER_OBJECT_CONVERSION = YES_AGGRESSIVE;
				CLANG_CXX_LANGUAGE_STANDARD = "gnu++14";
				CLANG_CXX_LIBRARY = "libc++";
				CLANG_ENABLE_MODULES = YES;
				CLANG_ENABLE_OBJC_ARC = YES;
				CLANG_WARN_BLOCK_CAPTURE_AUTORELEASING = YES;
				CLANG_WARN_BOOL_CONVERSION = YES;
				CLANG_WARN_COMMA = YES;
				CLANG_WARN_CONSTANT_CONVERSION = YES;
				CLANG_WARN_DIRECT_OBJC_ISA_USAGE = YES_ERROR;
				CLANG_WARN_DOCUMENTATION_COMMENTS = YES;
				CLANG_WARN_EMPTY_BODY = YES;
				CLANG_WARN_ENUM_CONVERSION = YES;
				CLANG_WARN_INFINITE_RECURSION = YES;
				CLANG_WARN_INT_CONVERSION = YES;
				CLANG_WARN_NON_LITERAL_NULL_CONVERSION = YES;
				CLANG_WARN_OBJC_LITERAL_CONVERSION = YES;
				CLANG_WARN_OBJC_ROOT_CLASS = YES_ERROR;
				CLANG_WARN_RANGE_LOOP_ANALYSIS = YES;
				CLANG_WARN_STRICT_PROTOTYPES = YES;
				CLANG_WARN_SUSPICIOUS_MOVE = YES;
				CLANG_WARN_UNGUARDED_AVAILABILITY = YES_AGGRESSIVE;
				CLANG_WARN_UNREACHABLE_CODE = YES;
				CLANG_WARN__DUPLICATE_METHOD_MATCH = YES;
				CODE_SIGN_IDENTITY = "iPhone Developer";
				COPY_PHASE_STRIP = NO;
				DEBUG_INFORMATION_FORMAT = "dwarf-with-dsym";
				ENABLE_NS_ASSERTIONS = NO;
				ENABLE_STRICT_OBJC_MSGSEND = YES;
				GCC_C_LANGUAGE_STANDARD = gnu11;
				GCC_NO_COMMON_BLOCKS = YES;
				GCC_WARN_64_TO_32_BIT_CONVERSION = YES;
				GCC_WARN_ABOUT_RETURN_TYPE = YES_ERROR;
				GCC_WARN_UNDECLARED_SELECTOR = YES;
				GCC_WARN_UNINITIALIZED_AUTOS = YES_AGGRESSIVE;
				GCC_WARN_UNUSED_FUNCTION = YES;
				GCC_WARN_UNUSED_VARIABLE = YES;
				IPHONEOS_DEPLOYMENT_TARGET = 10.0;
				MTL_ENABLE_DEBUG_INFO = NO;
				SDKROOT = iphoneos;
				SWIFT_OPTIMIZATION_LEVEL = "-Owholemodule";
				VALIDATE_PRODUCT = YES;
			};
			name = Release;
		};
		1D548C77207F64D80027E867 /* Debug */ = {
			isa = XCBuildConfiguration;
			buildSettings = {
				ASSETCATALOG_COMPILER_APPICON_NAME = AppIcon;
				CODE_SIGN_STYLE = Automatic;
				DEVELOPMENT_TEAM = V9J3N9CF6S;
				INFOPLIST_FILE = TableView/Info.plist;
				LD_RUNPATH_SEARCH_PATHS = "$(inherited) @executable_path/Frameworks";
				PRODUCT_BUNDLE_IDENTIFIER = com.olegyanki.TableView;
				PRODUCT_NAME = "$(TARGET_NAME)";
				SWIFT_VERSION = 4.0;
				TARGETED_DEVICE_FAMILY = "1,2";
			};
			name = Debug;
		};
		1D548C78207F64D80027E867 /* Release */ = {
			isa = XCBuildConfiguration;
			buildSettings = {
				ASSETCATALOG_COMPILER_APPICON_NAME = AppIcon;
				CODE_SIGN_STYLE = Automatic;
				DEVELOPMENT_TEAM = V9J3N9CF6S;
				INFOPLIST_FILE = TableView/Info.plist;
				LD_RUNPATH_SEARCH_PATHS = "$(inherited) @executable_path/Frameworks";
				PRODUCT_BUNDLE_IDENTIFIER = com.olegyanki.TableView;
				PRODUCT_NAME = "$(TARGET_NAME)";
				SWIFT_VERSION = 4.0;
				TARGETED_DEVICE_FAMILY = "1,2";
			};
			name = Release;
		};
		1D548C7A207F64D80027E867 /* Debug */ = {
			isa = XCBuildConfiguration;
			buildSettings = {
				ALWAYS_EMBED_SWIFT_STANDARD_LIBRARIES = YES;
				BUNDLE_LOADER = "$(TEST_HOST)";
				CODE_SIGN_STYLE = Automatic;
				INFOPLIST_FILE = TableViewTests/Info.plist;
				LD_RUNPATH_SEARCH_PATHS = "$(inherited) @executable_path/Frameworks @loader_path/Frameworks";
				PRODUCT_BUNDLE_IDENTIFIER = com.olegyanki.TableViewTests;
				PRODUCT_NAME = "$(TARGET_NAME)";
				SWIFT_VERSION = 4.0;
				TARGETED_DEVICE_FAMILY = "1,2";
				TEST_HOST = "$(BUILT_PRODUCTS_DIR)/TableView.app/TableView";
			};
			name = Debug;
		};
		1D548C7B207F64D80027E867 /* Release */ = {
			isa = XCBuildConfiguration;
			buildSettings = {
				ALWAYS_EMBED_SWIFT_STANDARD_LIBRARIES = YES;
				BUNDLE_LOADER = "$(TEST_HOST)";
				CODE_SIGN_STYLE = Automatic;
				INFOPLIST_FILE = TableViewTests/Info.plist;
				LD_RUNPATH_SEARCH_PATHS = "$(inherited) @executable_path/Frameworks @loader_path/Frameworks";
				PRODUCT_BUNDLE_IDENTIFIER = com.olegyanki.TableViewTests;
				PRODUCT_NAME = "$(TARGET_NAME)";
				SWIFT_VERSION = 4.0;
				TARGETED_DEVICE_FAMILY = "1,2";
				TEST_HOST = "$(BUILT_PRODUCTS_DIR)/TableView.app/TableView";
			};
			name = Release;
		};
		1D548C7D207F64D80027E867 /* Debug */ = {
			isa = XCBuildConfiguration;
			buildSettings = {
				ALWAYS_EMBED_SWIFT_STANDARD_LIBRARIES = YES;
				CODE_SIGN_STYLE = Automatic;
				INFOPLIST_FILE = TableViewUITests/Info.plist;
				LD_RUNPATH_SEARCH_PATHS = "$(inherited) @executable_path/Frameworks @loader_path/Frameworks";
				PRODUCT_BUNDLE_IDENTIFIER = com.olegyanki.TableViewUITests;
				PRODUCT_NAME = "$(TARGET_NAME)";
				SWIFT_VERSION = 4.0;
				TARGETED_DEVICE_FAMILY = "1,2";
				TEST_TARGET_NAME = TableView;
			};
			name = Debug;
		};
		1D548C7E207F64D80027E867 /* Release */ = {
			isa = XCBuildConfiguration;
			buildSettings = {
				ALWAYS_EMBED_SWIFT_STANDARD_LIBRARIES = YES;
				CODE_SIGN_STYLE = Automatic;
				INFOPLIST_FILE = TableViewUITests/Info.plist;
				LD_RUNPATH_SEARCH_PATHS = "$(inherited) @executable_path/Frameworks @loader_path/Frameworks";
				PRODUCT_BUNDLE_IDENTIFIER = com.olegyanki.TableViewUITests;
				PRODUCT_NAME = "$(TARGET_NAME)";
				SWIFT_VERSION = 4.0;
				TARGETED_DEVICE_FAMILY = "1,2";
				TEST_TARGET_NAME = TableView;
			};
			name = Release;
		};
/* End XCBuildConfiguration section */

/* Begin XCConfigurationList section */
		1D548C49207F64D80027E867 /* Build configuration list for PBXProject "TableView" */ = {
			isa = XCConfigurationList;
			buildConfigurations = (
				1D548C74207F64D80027E867 /* Debug */,
				1D548C75207F64D80027E867 /* Release */,
			);
			defaultConfigurationIsVisible = 0;
			defaultConfigurationName = Release;
		};
		1D548C76207F64D80027E867 /* Build configuration list for PBXNativeTarget "TableView" */ = {
			isa = XCConfigurationList;
			buildConfigurations = (
				1D548C77207F64D80027E867 /* Debug */,
				1D548C78207F64D80027E867 /* Release */,
			);
			defaultConfigurationIsVisible = 0;
			defaultConfigurationName = Release;
		};
		1D548C79207F64D80027E867 /* Build configuration list for PBXNativeTarget "TableViewTests" */ = {
			isa = XCConfigurationList;
			buildConfigurations = (
				1D548C7A207F64D80027E867 /* Debug */,
				1D548C7B207F64D80027E867 /* Release */,
			);
			defaultConfigurationIsVisible = 0;
			defaultConfigurationName = Release;
		};
		1D548C7C207F64D80027E867 /* Build configuration list for PBXNativeTarget "TableViewUITests" */ = {
			isa = XCConfigurationList;
			buildConfigurations = (
				1D548C7D207F64D80027E867 /* Debug */,
				1D548C7E207F64D80027E867 /* Release */,
			);
			defaultConfigurationIsVisible = 0;
			defaultConfigurationName = Release;
		};
/* End XCConfigurationList section */
	};
	rootObject = 1D548C46207F64D80027E867 /* Project object */;
}
